
Microsoft Visual Studio Solution File, Format Version 12.00
# Visual Studio Version 17
VisualStudioVersion = 17.5.002.0
MinimumVisualStudioVersion = 10.0.40219.1
Project("{9A19103F-16F7-4668-BE54-9A1E7A4F7556}") = "KabutanScraper", ".\KabutanScraper\KabutanScraper.csproj", "{B4E7B944-F49A-4955-94DE-D11D279B54D3}"
EndProject
Project("{FAE04EC0-301F-11D3-BF4B-00C04F79EFBC}") = "KabutanScreener", ".\KabutanScreener\KabutanScreener.csproj", "{F10C8BEC-CC22-4311-BDC5-73A8CFE245FB}"
EndProject
Global
	GlobalSection(SolutionConfigurationPlatforms) = preSolution
		Debug|Any CPU = Debug|Any CPU
		Release|Any CPU = Release|Any CPU
	EndGlobalSection
	GlobalSection(ProjectConfigurationPlatforms) = postSolution
		{B4E7B944-F49A-4955-94DE-D11D279B54D3}.Debug|Any CPU.ActiveCfg = Debug|Any CPU
		{B4E7B944-F49A-4955-94DE-D11D279B54D3}.Debug|Any CPU.Build.0 = Debug|Any CPU
		{B4E7B944-F49A-4955-94DE-D11D279B54D3}.Release|Any CPU.ActiveCfg = Release|Any CPU
		{B4E7B944-F49A-4955-94DE-D11D279B54D3}.Release|Any CPU.Build.0 = Release|Any CPU
		{F10C8BEC-CC22-4311-BDC5-73A8CFE245FB}.Debug|Any CPU.ActiveCfg = Debug|Any CPU
		{F10C8BEC-CC22-4311-BDC5-73A8CFE245FB}.Debug|Any CPU.Build.0 = Debug|Any CPU
		{F10C8BEC-CC22-4311-BDC5-73A8CFE245FB}.Release|Any CPU.ActiveCfg = Release|Any CPU
		{F10C8BEC-CC22-4311-BDC5-73A8CFE245FB}.Release|Any CPU.Build.0 = Release|Any CPU
	EndGlobalSection
	GlobalSection(SolutionProperties) = preSolution
		HideSolutionNode = FALSE
	EndGlobalSection
	GlobalSection(ExtensibilityGlobals) = postSolution
		SolutionGuid = {E64743EF-71E6-4CC5-9045-7CD3CA5AA423}
	EndGlobalSection
EndGlobal
